// !$*UTF8*$!
{
	archiveVersion = 1;
	classes = {
	};
	objectVersion = 56;
	objects = {

/* Begin PBXBuildFile section */
		62323B002BD18E0C00AD6CE6 /* AppDelegate.swift in Sources */ = {isa = PBXBuildFile; fileRef = 62323AFF2BD18E0C00AD6CE6 /* AppDelegate.swift */; };
		62323B022BD18E0C00AD6CE6 /* SceneDelegate.swift in Sources */ = {isa = PBXBuildFile; fileRef = 62323B012BD18E0C00AD6CE6 /* SceneDelegate.swift */; };
		62323B042BD18E0C00AD6CE6 /* ViewController.swift in Sources */ = {isa = PBXBuildFile; fileRef = 62323B032BD18E0C00AD6CE6 /* ViewController.swift */; };
		62323B072BD18E0C00AD6CE6 /* Main.storyboard in Resources */ = {isa = PBXBuildFile; fileRef = 62323B052BD18E0C00AD6CE6 /* Main.storyboard */; };
		62323B092BD18E1300AD6CE6 /* Assets.xcassets in Resources */ = {isa = PBXBuildFile; fileRef = 62323B082BD18E1300AD6CE6 /* Assets.xcassets */; };
		62323B0C2BD18E1300AD6CE6 /* LaunchScreen.storyboard in Resources */ = {isa = PBXBuildFile; fileRef = 62323B0A2BD18E1300AD6CE6 /* LaunchScreen.storyboard */; };
		62323B172BD18E1400AD6CE6 /* Demo_App_UnsplashTests.swift in Sources */ = {isa = PBXBuildFile; fileRef = 62323B162BD18E1400AD6CE6 /* Demo_App_UnsplashTests.swift */; };
		62323B212BD18E1500AD6CE6 /* Demo_App_UnsplashUITests.swift in Sources */ = {isa = PBXBuildFile; fileRef = 62323B202BD18E1500AD6CE6 /* Demo_App_UnsplashUITests.swift */; };
		62323B232BD18E1500AD6CE6 /* Demo_App_UnsplashUITestsLaunchTests.swift in Sources */ = {isa = PBXBuildFile; fileRef = 62323B222BD18E1500AD6CE6 /* Demo_App_UnsplashUITestsLaunchTests.swift */; };
/* End PBXBuildFile section */

/* Begin PBXContainerItemProxy section */
		62323B132BD18E1400AD6CE6 /* PBXContainerItemProxy */ = {
			isa = PBXContainerItemProxy;
			containerPortal = 62323AF42BD18E0C00AD6CE6 /* Project object */;
			proxyType = 1;
			remoteGlobalIDString = 62323AFB2BD18E0C00AD6CE6;
			remoteInfo = "Demo-App-Unsplash";
		};
		62323B1D2BD18E1500AD6CE6 /* PBXContainerItemProxy */ = {
			isa = PBXContainerItemProxy;
			containerPortal = 62323AF42BD18E0C00AD6CE6 /* Project object */;
			proxyType = 1;
			remoteGlobalIDString = 62323AFB2BD18E0C00AD6CE6;
			remoteInfo = "Demo-App-Unsplash";
		};
/* End PBXContainerItemProxy section */

/* Begin PBXFileReference section */
		62323AFC2BD18E0C00AD6CE6 /* Demo-App-Unsplash.app */ = {isa = PBXFileReference; explicitFileType = wrapper.application; includeInIndex = 0; path = "Demo-App-Unsplash.app"; sourceTree = BUILT_PRODUCTS_DIR; };
		62323AFF2BD18E0C00AD6CE6 /* AppDelegate.swift */ = {isa = PBXFileReference; lastKnownFileType = sourcecode.swift; path = AppDelegate.swift; sourceTree = "<group>"; };
		62323B012BD18E0C00AD6CE6 /* SceneDelegate.swift */ = {isa = PBXFileReference; lastKnownFileType = sourcecode.swift; path = SceneDelegate.swift; sourceTree = "<group>"; };
		62323B032BD18E0C00AD6CE6 /* ViewController.swift */ = {isa = PBXFileReference; lastKnownFileType = sourcecode.swift; path = ViewController.swift; sourceTree = "<group>"; };
		62323B062BD18E0C00AD6CE6 /* Base */ = {isa = PBXFileReference; lastKnownFileType = file.storyboard; name = Base; path = Base.lproj/Main.storyboard; sourceTree = "<group>"; };
		62323B082BD18E1300AD6CE6 /* Assets.xcassets */ = {isa = PBXFileReference; lastKnownFileType = folder.assetcatalog; path = Assets.xcassets; sourceTree = "<group>"; };
		62323B0B2BD18E1300AD6CE6 /* Base */ = {isa = PBXFileReference; lastKnownFileType = file.storyboard; name = Base; path = Base.lproj/LaunchScreen.storyboard; sourceTree = "<group>"; };
		62323B0D2BD18E1300AD6CE6 /* Info.plist */ = {isa = PBXFileReference; lastKnownFileType = text.plist.xml; path = Info.plist; sourceTree = "<group>"; };
		62323B122BD18E1400AD6CE6 /* Demo-App-UnsplashTests.xctest */ = {isa = PBXFileReference; explicitFileType = wrapper.cfbundle; includeInIndex = 0; path = "Demo-App-UnsplashTests.xctest"; sourceTree = BUILT_PRODUCTS_DIR; };
		62323B162BD18E1400AD6CE6 /* Demo_App_UnsplashTests.swift */ = {isa = PBXFileReference; lastKnownFileType = sourcecode.swift; path = Demo_App_UnsplashTests.swift; sourceTree = "<group>"; };
		62323B1C2BD18E1500AD6CE6 /* Demo-App-UnsplashUITests.xctest */ = {isa = PBXFileReference; explicitFileType = wrapper.cfbundle; includeInIndex = 0; path = "Demo-App-UnsplashUITests.xctest"; sourceTree = BUILT_PRODUCTS_DIR; };
		62323B202BD18E1500AD6CE6 /* Demo_App_UnsplashUITests.swift */ = {isa = PBXFileReference; lastKnownFileType = sourcecode.swift; path = Demo_App_UnsplashUITests.swift; sourceTree = "<group>"; };
		62323B222BD18E1500AD6CE6 /* Demo_App_UnsplashUITestsLaunchTests.swift */ = {isa = PBXFileReference; lastKnownFileType = sourcecode.swift; path = Demo_App_UnsplashUITestsLaunchTests.swift; sourceTree = "<group>"; };
/* End PBXFileReference section */

/* Begin PBXFrameworksBuildPhase section */
		62323AF92BD18E0C00AD6CE6 /* Frameworks */ = {
			isa = PBXFrameworksBuildPhase;
			buildActionMask = 2147483647;
			files = (
			);
			runOnlyForDeploymentPostprocessing = 0;
		};
		62323B0F2BD18E1400AD6CE6 /* Frameworks */ = {
			isa = PBXFrameworksBuildPhase;
			buildActionMask = 2147483647;
			files = (
			);
			runOnlyForDeploymentPostprocessing = 0;
		};
		62323B192BD18E1500AD6CE6 /* Frameworks */ = {
			isa = PBXFrameworksBuildPhase;
			buildActionMask = 2147483647;
			files = (
			);
			runOnlyForDeploymentPostprocessing = 0;
		};
/* End PBXFrameworksBuildPhase section */

/* Begin PBXGroup section */
		62323AF32BD18E0C00AD6CE6 = {
			isa = PBXGroup;
			children = (
				62323AFE2BD18E0C00AD6CE6 /* Demo-App-Unsplash */,
				62323B152BD18E1400AD6CE6 /* Demo-App-UnsplashTests */,
				62323B1F2BD18E1500AD6CE6 /* Demo-App-UnsplashUITests */,
				62323AFD2BD18E0C00AD6CE6 /* Products */,
			);
			sourceTree = "<group>";
		};
		62323AFD2BD18E0C00AD6CE6 /* Products */ = {
			isa = PBXGroup;
			children = (
				62323AFC2BD18E0C00AD6CE6 /* Demo-App-Unsplash.app */,
				62323B122BD18E1400AD6CE6 /* Demo-App-UnsplashTests.xctest */,
				62323B1C2BD18E1500AD6CE6 /* Demo-App-UnsplashUITests.xctest */,
			);
			name = Products;
			sourceTree = "<group>";
		};
		62323AFE2BD18E0C00AD6CE6 /* Demo-App-Unsplash */ = {
			isa = PBXGroup;
			children = (
				62323AFF2BD18E0C00AD6CE6 /* AppDelegate.swift */,
				62323B012BD18E0C00AD6CE6 /* SceneDelegate.swift */,
				62323B032BD18E0C00AD6CE6 /* ViewController.swift */,
				62323B052BD18E0C00AD6CE6 /* Main.storyboard */,
				62323B082BD18E1300AD6CE6 /* Assets.xcassets */,
				62323B0A2BD18E1300AD6CE6 /* LaunchScreen.storyboard */,
				62323B0D2BD18E1300AD6CE6 /* Info.plist */,
			);
			path = "Demo-App-Unsplash";
			sourceTree = "<group>";
		};
		62323B152BD18E1400AD6CE6 /* Demo-App-UnsplashTests */ = {
			isa = PBXGroup;
			children = (
				62323B162BD18E1400AD6CE6 /* Demo_App_UnsplashTests.swift */,
			);
			path = "Demo-App-UnsplashTests";
			sourceTree = "<group>";
		};
		62323B1F2BD18E1500AD6CE6 /* Demo-App-UnsplashUITests */ = {
			isa = PBXGroup;
			children = (
				62323B202BD18E1500AD6CE6 /* Demo_App_UnsplashUITests.swift */,
				62323B222BD18E1500AD6CE6 /* Demo_App_UnsplashUITestsLaunchTests.swift */,
			);
			path = "Demo-App-UnsplashUITests";
			sourceTree = "<group>";
		};
/* End PBXGroup section */

/* Begin PBXNativeTarget section */
		62323AFB2BD18E0C00AD6CE6 /* Demo-App-Unsplash */ = {
			isa = PBXNativeTarget;
			buildConfigurationList = 62323B262BD18E1500AD6CE6 /* Build configuration list for PBXNativeTarget "Demo-App-Unsplash" */;
			buildPhases = (
				62323AF82BD18E0C00AD6CE6 /* Sources */,
				62323AF92BD18E0C00AD6CE6 /* Frameworks */,
				62323AFA2BD18E0C00AD6CE6 /* Resources */,
			);
			buildRules = (
			);
			dependencies = (
			);
			name = "Demo-App-Unsplash";
			productName = "Demo-App-Unsplash";
			productReference = 62323AFC2BD18E0C00AD6CE6 /* Demo-App-Unsplash.app */;
			productType = "com.apple.product-type.application";
		};
		62323B112BD18E1400AD6CE6 /* Demo-App-UnsplashTests */ = {
			isa = PBXNativeTarget;
			buildConfigurationList = 62323B292BD18E1500AD6CE6 /* Build configuration list for PBXNativeTarget "Demo-App-UnsplashTests" */;
			buildPhases = (
				62323B0E2BD18E1400AD6CE6 /* Sources */,
				62323B0F2BD18E1400AD6CE6 /* Frameworks */,
				62323B102BD18E1400AD6CE6 /* Resources */,
			);
			buildRules = (
			);
			dependencies = (
				62323B142BD18E1400AD6CE6 /* PBXTargetDependency */,
			);
			name = "Demo-App-UnsplashTests";
			productName = "Demo-App-UnsplashTests";
			productReference = 62323B122BD18E1400AD6CE6 /* Demo-App-UnsplashTests.xctest */;
			productType = "com.apple.product-type.bundle.unit-test";
		};
		62323B1B2BD18E1500AD6CE6 /* Demo-App-UnsplashUITests */ = {
			isa = PBXNativeTarget;
			buildConfigurationList = 62323B2C2BD18E1500AD6CE6 /* Build configuration list for PBXNativeTarget "Demo-App-UnsplashUITests" */;
			buildPhases = (
				62323B182BD18E1500AD6CE6 /* Sources */,
				62323B192BD18E1500AD6CE6 /* Frameworks */,
				62323B1A2BD18E1500AD6CE6 /* Resources */,
			);
			buildRules = (
			);
			dependencies = (
				62323B1E2BD18E1500AD6CE6 /* PBXTargetDependency */,
			);
			name = "Demo-App-UnsplashUITests";
			productName = "Demo-App-UnsplashUITests";
			productReference = 62323B1C2BD18E1500AD6CE6 /* Demo-App-UnsplashUITests.xctest */;
			productType = "com.apple.product-type.bundle.ui-testing";
		};
/* End PBXNativeTarget section */

/* Begin PBXProject section */
		62323AF42BD18E0C00AD6CE6 /* Project object */ = {
			isa = PBXProject;
			attributes = {
				BuildIndependentTargetsInParallel = 1;
				LastSwiftUpdateCheck = 1520;
				LastUpgradeCheck = 1520;
				TargetAttributes = {
					62323AFB2BD18E0C00AD6CE6 = {
						CreatedOnToolsVersion = 15.2;
					};
					62323B112BD18E1400AD6CE6 = {
						CreatedOnToolsVersion = 15.2;
						TestTargetID = 62323AFB2BD18E0C00AD6CE6;
					};
					62323B1B2BD18E1500AD6CE6 = {
						CreatedOnToolsVersion = 15.2;
						TestTargetID = 62323AFB2BD18E0C00AD6CE6;
					};
				};
			};
			buildConfigurationList = 62323AF72BD18E0C00AD6CE6 /* Build configuration list for PBXProject "Demo-App-Unsplash" */;
			compatibilityVersion = "Xcode 14.0";
			developmentRegion = en;
			hasScannedForEncodings = 0;
			knownRegions = (
				en,
				Base,
			);
			mainGroup = 62323AF32BD18E0C00AD6CE6;
			productRefGroup = 62323AFD2BD18E0C00AD6CE6 /* Products */;
			projectDirPath = "";
			projectRoot = "";
			targets = (
				62323AFB2BD18E0C00AD6CE6 /* Demo-App-Unsplash */,
				62323B112BD18E1400AD6CE6 /* Demo-App-UnsplashTests */,
				62323B1B2BD18E1500AD6CE6 /* Demo-App-UnsplashUITests */,
			);
		};
/* End PBXProject section */

/* Begin PBXResourcesBuildPhase section */
		62323AFA2BD18E0C00AD6CE6 /* Resources */ = {
			isa = PBXResourcesBuildPhase;
			buildActionMask = 2147483647;
			files = (
				62323B0C2BD18E1300AD6CE6 /* LaunchScreen.storyboard in Resources */,
				62323B092BD18E1300AD6CE6 /* Assets.xcassets in Resources */,
				62323B072BD18E0C00AD6CE6 /* Main.storyboard in Resources */,
			);
			runOnlyForDeploymentPostprocessing = 0;
		};
		62323B102BD18E1400AD6CE6 /* Resources */ = {
			isa = PBXResourcesBuildPhase;
			buildActionMask = 2147483647;
			files = (
			);
			runOnlyForDeploymentPostprocessing = 0;
		};
		62323B1A2BD18E1500AD6CE6 /* Resources */ = {
			isa = PBXResourcesBuildPhase;
			buildActionMask = 2147483647;
			files = (
			);
			runOnlyForDeploymentPostprocessing = 0;
		};
/* End PBXResourcesBuildPhase section */

/* Begin PBXSourcesBuildPhase section */
		62323AF82BD18E0C00AD6CE6 /* Sources */ = {
			isa = PBXSourcesBuildPhase;
			buildActionMask = 2147483647;
			files = (
				62323B042BD18E0C00AD6CE6 /* ViewController.swift in Sources */,
				62323B002BD18E0C00AD6CE6 /* AppDelegate.swift in Sources */,
				62323B022BD18E0C00AD6CE6 /* SceneDelegate.swift in Sources */,
			);
			runOnlyForDeploymentPostprocessing = 0;
		};
		62323B0E2BD18E1400AD6CE6 /* Sources */ = {
			isa = PBXSourcesBuildPhase;
			buildActionMask = 2147483647;
			files = (
				62323B172BD18E1400AD6CE6 /* Demo_App_UnsplashTests.swift in Sources */,
			);
			runOnlyForDeploymentPostprocessing = 0;
		};
		62323B182BD18E1500AD6CE6 /* Sources */ = {
			isa = PBXSourcesBuildPhase;
			buildActionMask = 2147483647;
			files = (
				62323B212BD18E1500AD6CE6 /* Demo_App_UnsplashUITests.swift in Sources */,
				62323B232BD18E1500AD6CE6 /* Demo_App_UnsplashUITestsLaunchTests.swift in Sources */,
			);
			runOnlyForDeploymentPostprocessing = 0;
		};
/* End PBXSourcesBuildPhase section */

/* Begin PBXTargetDependency section */
		62323B142BD18E1400AD6CE6 /* PBXTargetDependency */ = {
			isa = PBXTargetDependency;
			target = 62323AFB2BD18E0C00AD6CE6 /* Demo-App-Unsplash */;
			targetProxy = 62323B132BD18E1400AD6CE6 /* PBXContainerItemProxy */;
		};
		62323B1E2BD18E1500AD6CE6 /* PBXTargetDependency */ = {
			isa = PBXTargetDependency;
			target = 62323AFB2BD18E0C00AD6CE6 /* Demo-App-Unsplash */;
			targetProxy = 62323B1D2BD18E1500AD6CE6 /* PBXContainerItemProxy */;
		};
/* End PBXTargetDependency section */

/* Begin PBXVariantGroup section */
		62323B052BD18E0C00AD6CE6 /* Main.storyboard */ = {
			isa = PBXVariantGroup;
			children = (
				62323B062BD18E0C00AD6CE6 /* Base */,
			);
			name = Main.storyboard;
			sourceTree = "<group>";
		};
		62323B0A2BD18E1300AD6CE6 /* LaunchScreen.storyboard */ = {
			isa = PBXVariantGroup;
			children = (
				62323B0B2BD18E1300AD6CE6 /* Base */,
			);
			name = LaunchScreen.storyboard;
			sourceTree = "<group>";
		};
/* End PBXVariantGroup section */

/* Begin XCBuildConfiguration section */
		62323B242BD18E1500AD6CE6 /* Debug */ = {
			isa = XCBuildConfiguration;
			buildSettings = {
				ALWAYS_SEARCH_USER_PATHS = NO;
				ASSETCATALOG_COMPILER_GENERATE_SWIFT_ASSET_SYMBOL_EXTENSIONS = YES;
				CLANG_ANALYZER_NONNULL = YES;
				CLANG_ANALYZER_NUMBER_OBJECT_CONVERSION = YES_AGGRESSIVE;
				CLANG_CXX_LANGUAGE_STANDARD = "gnu++20";
				CLANG_ENABLE_MODULES = YES;
				CLANG_ENABLE_OBJC_ARC = YES;
				CLANG_ENABLE_OBJC_WEAK = YES;
				CLANG_WARN_BLOCK_CAPTURE_AUTORELEASING = YES;
				CLANG_WARN_BOOL_CONVERSION = YES;
				CLANG_WARN_COMMA = YES;
				CLANG_WARN_CONSTANT_CONVERSION = YES;
				CLANG_WARN_DEPRECATED_OBJC_IMPLEMENTATIONS = YES;
				CLANG_WARN_DIRECT_OBJC_ISA_USAGE = YES_ERROR;
				CLANG_WARN_DOCUMENTATION_COMMENTS = YES;
				CLANG_WARN_EMPTY_BODY = YES;
				CLANG_WARN_ENUM_CONVERSION = YES;
				CLANG_WARN_INFINITE_RECURSION = YES;
				CLANG_WARN_INT_CONVERSION = YES;
				CLANG_WARN_NON_LITERAL_NULL_CONVERSION = YES;
				CLANG_WARN_OBJC_IMPLICIT_RETAIN_SELF = YES;
				CLANG_WARN_OBJC_LITERAL_CONVERSION = YES;
				CLANG_WARN_OBJC_ROOT_CLASS = YES_ERROR;
				CLANG_WARN_QUOTED_INCLUDE_IN_FRAMEWORK_HEADER = YES;
				CLANG_WARN_RANGE_LOOP_ANALYSIS = YES;
				CLANG_WARN_STRICT_PROTOTYPES = YES;
				CLANG_WARN_SUSPICIOUS_MOVE = YES;
				CLANG_WARN_UNGUARDED_AVAILABILITY = YES_AGGRESSIVE;
				CLANG_WARN_UNREACHABLE_CODE = YES;
				CLANG_WARN__DUPLICATE_METHOD_MATCH = YES;
				COPY_PHASE_STRIP = NO;
				DEBUG_INFORMATION_FORMAT = dwarf;
				ENABLE_STRICT_OBJC_MSGSEND = YES;
				ENABLE_TESTABILITY = YES;
				ENABLE_USER_SCRIPT_SANDBOXING = YES;
				GCC_C_LANGUAGE_STANDARD = gnu17;
				GCC_DYNAMIC_NO_PIC = NO;
				GCC_NO_COMMON_BLOCKS = YES;
				GCC_OPTIMIZATION_LEVEL = 0;
				GCC_PREPROCESSOR_DEFINITIONS = (
					"DEBUG=1",
					"$(inherited)",
				);
				GCC_WARN_64_TO_32_BIT_CONVERSION = YES;
				GCC_WARN_ABOUT_RETURN_TYPE = YES_ERROR;
				GCC_WARN_UNDECLARED_SELECTOR = YES;
				GCC_WARN_UNINITIALIZED_AUTOS = YES_AGGRESSIVE;
				GCC_WARN_UNUSED_FUNCTION = YES;
				GCC_WARN_UNUSED_VARIABLE = YES;
				IPHONEOS_DEPLOYMENT_TARGET = 17.2;
				LOCALIZATION_PREFERS_STRING_CATALOGS = YES;
				MTL_ENABLE_DEBUG_INFO = INCLUDE_SOURCE;
				MTL_FAST_MATH = YES;
				ONLY_ACTIVE_ARCH = YES;
				SDKROOT = iphoneos;
				SWIFT_ACTIVE_COMPILATION_CONDITIONS = "DEBUG $(inherited)";
				SWIFT_OPTIMIZATION_LEVEL = "-Onone";
			};
			name = Debug;
		};
		62323B252BD18E1500AD6CE6 /* Release */ = {
			isa = XCBuildConfiguration;
			buildSettings = {
				ALWAYS_SEARCH_USER_PATHS = NO;
				ASSETCATALOG_COMPILER_GENERATE_SWIFT_ASSET_SYMBOL_EXTENSIONS = YES;
				CLANG_ANALYZER_NONNULL = YES;
				CLANG_ANALYZER_NUMBER_OBJECT_CONVERSION = YES_AGGRESSIVE;
				CLANG_CXX_LANGUAGE_STANDARD = "gnu++20";
				CLANG_ENABLE_MODULES = YES;
				CLANG_ENABLE_OBJC_ARC = YES;
				CLANG_ENABLE_OBJC_WEAK = YES;
				CLANG_WARN_BLOCK_CAPTURE_AUTORELEASING = YES;
				CLANG_WARN_BOOL_CONVERSION = YES;
				CLANG_WARN_COMMA = YES;
				CLANG_WARN_CONSTANT_CONVERSION = YES;
				CLANG_WARN_DEPRECATED_OBJC_IMPLEMENTATIONS = YES;
				CLANG_WARN_DIRECT_OBJC_ISA_USAGE = YES_ERROR;
				CLANG_WARN_DOCUMENTATION_COMMENTS = YES;
				CLANG_WARN_EMPTY_BODY = YES;
				CLANG_WARN_ENUM_CONVERSION = YES;
				CLANG_WARN_INFINITE_RECURSION = YES;
				CLANG_WARN_INT_CONVERSION = YES;
				CLANG_WARN_NON_LITERAL_NULL_CONVERSION = YES;
				CLANG_WARN_OBJC_IMPLICIT_RETAIN_SELF = YES;
				CLANG_WARN_OBJC_LITERAL_CONVERSION = YES;
				CLANG_WARN_OBJC_ROOT_CLASS = YES_ERROR;
				CLANG_WARN_QUOTED_INCLUDE_IN_FRAMEWORK_HEADER = YES;
				CLANG_WARN_RANGE_LOOP_ANALYSIS = YES;
				CLANG_WARN_STRICT_PROTOTYPES = YES;
				CLANG_WARN_SUSPICIOUS_MOVE = YES;
				CLANG_WARN_UNGUARDED_AVAILABILITY = YES_AGGRESSIVE;
				CLANG_WARN_UNREACHABLE_CODE = YES;
				CLANG_WARN__DUPLICATE_METHOD_MATCH = YES;
				COPY_PHASE_STRIP = NO;
				DEBUG_INFORMATION_FORMAT = "dwarf-with-dsym";
				ENABLE_NS_ASSERTIONS = NO;
				ENABLE_STRICT_OBJC_MSGSEND = YES;
				ENABLE_USER_SCRIPT_SANDBOXING = YES;
				GCC_C_LANGUAGE_STANDARD = gnu17;
				GCC_NO_COMMON_BLOCKS = YES;
				GCC_WARN_64_TO_32_BIT_CONVERSION = YES;
				GCC_WARN_ABOUT_RETURN_TYPE = YES_ERROR;
				GCC_WARN_UNDECLARED_SELECTOR = YES;
				GCC_WARN_UNINITIALIZED_AUTOS = YES_AGGRESSIVE;
				GCC_WARN_UNUSED_FUNCTION = YES;
				GCC_WARN_UNUSED_VARIABLE = YES;
				IPHONEOS_DEPLOYMENT_TARGET = 17.2;
				LOCALIZATION_PREFERS_STRING_CATALOGS = YES;
				MTL_ENABLE_DEBUG_INFO = NO;
				MTL_FAST_MATH = YES;
				SDKROOT = iphoneos;
				SWIFT_COMPILATION_MODE = wholemodule;
				VALIDATE_PRODUCT = YES;
			};
			name = Release;
		};
		62323B272BD18E1500AD6CE6 /* Debug */ = {
			isa = XCBuildConfiguration;
			buildSettings = {
				ASSETCATALOG_COMPILER_APPICON_NAME = AppIcon;
				ASSETCATALOG_COMPILER_GLOBAL_ACCENT_COLOR_NAME = AccentColor;
				CODE_SIGN_STYLE = Automatic;
				CURRENT_PROJECT_VERSION = 1;
				GENERATE_INFOPLIST_FILE = YES;
				INFOPLIST_FILE = "Demo-App-Unsplash/Info.plist";
				INFOPLIST_KEY_UIApplicationSupportsIndirectInputEvents = YES;
				INFOPLIST_KEY_UILaunchStoryboardName = LaunchScreen;
				INFOPLIST_KEY_UIMainStoryboardFile = Main;
				INFOPLIST_KEY_UISupportedInterfaceOrientations_iPad = "UIInterfaceOrientationPortrait UIInterfaceOrientationPortraitUpsideDown UIInterfaceOrientationLandscapeLeft UIInterfaceOrientationLandscapeRight";
				INFOPLIST_KEY_UISupportedInterfaceOrientations_iPhone = "UIInterfaceOrientationPortrait UIInterfaceOrientationLandscapeLeft UIInterfaceOrientationLandscapeRight";
				LD_RUNPATH_SEARCH_PATHS = (
					"$(inherited)",
					"@executable_path/Frameworks",
				);
				MARKETING_VERSION = 1.0;
				PRODUCT_BUNDLE_IDENTIFIER = "com.rajesh.Demo-App-Unsplash";
				PRODUCT_NAME = "$(TARGET_NAME)";
				SWIFT_EMIT_LOC_STRINGS = YES;
				SWIFT_VERSION = 5.0;
				TARGETED_DEVICE_FAMILY = "1,2";
			};
			name = Debug;
		};
		62323B282BD18E1500AD6CE6 /* Release */ = {
			isa = XCBuildConfiguration;
			buildSettings = {
				ASSETCATALOG_COMPILER_APPICON_NAME = AppIcon;
				ASSETCATALOG_COMPILER_GLOBAL_ACCENT_COLOR_NAME = AccentColor;
				CODE_SIGN_STYLE = Automatic;
				CURRENT_PROJECT_VERSION = 1;
				GENERATE_INFOPLIST_FILE = YES;
				INFOPLIST_FILE = "Demo-App-Unsplash/Info.plist";
				INFOPLIST_KEY_UIApplicationSupportsIndirectInputEvents = YES;
				INFOPLIST_KEY_UILaunchStoryboardName = LaunchScreen;
				INFOPLIST_KEY_UIMainStoryboardFile = Main;
				INFOPLIST_KEY_UISupportedInterfaceOrientations_iPad = "UIInterfaceOrientationPortrait UIInterfaceOrientationPortraitUpsideDown UIInterfaceOrientationLandscapeLeft UIInterfaceOrientationLandscapeRight";
				INFOPLIST_KEY_UISupportedInterfaceOrientations_iPhone = "UIInterfaceOrientationPortrait UIInterfaceOrientationLandscapeLeft UIInterfaceOrientationLandscapeRight";
				LD_RUNPATH_SEARCH_PATHS = (
					"$(inherited)",
					"@executable_path/Frameworks",
				);
				MARKETING_VERSION = 1.0;
				PRODUCT_BUNDLE_IDENTIFIER = "com.rajesh.Demo-App-Unsplash";
				PRODUCT_NAME = "$(TARGET_NAME)";
				SWIFT_EMIT_LOC_STRINGS = YES;
				SWIFT_VERSION = 5.0;
				TARGETED_DEVICE_FAMILY = "1,2";
			};
			name = Release;
		};
		62323B2A2BD18E1500AD6CE6 /* Debug */ = {
			isa = XCBuildConfiguration;
			buildSettings = {
				ALWAYS_EMBED_SWIFT_STANDARD_LIBRARIES = YES;
				BUNDLE_LOADER = "$(TEST_HOST)";
				CODE_SIGN_STYLE = Automatic;
				CURRENT_PROJECT_VERSION = 1;
				GENERATE_INFOPLIST_FILE = YES;
				IPHONEOS_DEPLOYMENT_TARGET = 17.2;
				MARKETING_VERSION = 1.0;
				PRODUCT_BUNDLE_IDENTIFIER = "com.rajesh.Demo-App-UnsplashTests";
				PRODUCT_NAME = "$(TARGET_NAME)";
				SWIFT_EMIT_LOC_STRINGS = NO;
				SWIFT_VERSION = 5.0;
				TARGETED_DEVICE_FAMILY = "1,2";
				TEST_HOST = "$(BUILT_PRODUCTS_DIR)/Demo-App-Unsplash.app/$(BUNDLE_EXECUTABLE_FOLDER_PATH)/Demo-App-Unsplash";
			};
			name = Debug;
		};
		62323B2B2BD18E1500AD6CE6 /* Release */ = {
			isa = XCBuildConfiguration;
			buildSettings = {
				ALWAYS_EMBED_SWIFT_STANDARD_LIBRARIES = YES;
				BUNDLE_LOADER = "$(TEST_HOST)";
				CODE_SIGN_STYLE = Automatic;
				CURRENT_PROJECT_VERSION = 1;
				GENERATE_INFOPLIST_FILE = YES;
				IPHONEOS_DEPLOYMENT_TARGET = 17.2;
				MARKETING_VERSION = 1.0;
				PRODUCT_BUNDLE_IDENTIFIER = "com.rajesh.Demo-App-UnsplashTests";
				PRODUCT_NAME = "$(TARGET_NAME)";
				SWIFT_EMIT_LOC_STRINGS = NO;
				SWIFT_VERSION = 5.0;
				TARGETED_DEVICE_FAMILY = "1,2";
				TEST_HOST = "$(BUILT_PRODUCTS_DIR)/Demo-App-Unsplash.app/$(BUNDLE_EXECUTABLE_FOLDER_PATH)/Demo-App-Unsplash";
			};
			name = Release;
		};
		62323B2D2BD18E1500AD6CE6 /* Debug */ = {
			isa = XCBuildConfiguration;
			buildSettings = {
				ALWAYS_EMBED_SWIFT_STANDARD_LIBRARIES = YES;
				CODE_SIGN_STYLE = Automatic;
				CURRENT_PROJECT_VERSION = 1;
				GENERATE_INFOPLIST_FILE = YES;
				MARKETING_VERSION = 1.0;
				PRODUCT_BUNDLE_IDENTIFIER = "com.rajesh.Demo-App-UnsplashUITests";
				PRODUCT_NAME = "$(TARGET_NAME)";
				SWIFT_EMIT_LOC_STRINGS = NO;
				SWIFT_VERSION = 5.0;
				TARGETED_DEVICE_FAMILY = "1,2";
				TEST_TARGET_NAME = "Demo-App-Unsplash";
			};
			name = Debug;
		};
		62323B2E2BD18E1500AD6CE6 /* Release */ = {
			isa = XCBuildConfiguration;
			buildSettings = {
				ALWAYS_EMBED_SWIFT_STANDARD_LIBRARIES = YES;
				CODE_SIGN_STYLE = Automatic;
				CURRENT_PROJECT_VERSION = 1;
				GENERATE_INFOPLIST_FILE = YES;
				MARKETING_VERSION = 1.0;
				PRODUCT_BUNDLE_IDENTIFIER = "com.rajesh.Demo-App-UnsplashUITests";
				PRODUCT_NAME = "$(TARGET_NAME)";
				SWIFT_EMIT_LOC_STRINGS = NO;
				SWIFT_VERSION = 5.0;
				TARGETED_DEVICE_FAMILY = "1,2";
				TEST_TARGET_NAME = "Demo-App-Unsplash";
			};
			name = Release;
		};
/* End XCBuildConfiguration section */

/* Begin XCConfigurationList section */
		62323AF72BD18E0C00AD6CE6 /* Build configuration list for PBXProject "Demo-App-Unsplash" */ = {
			isa = XCConfigurationList;
			buildConfigurations = (
				62323B242BD18E1500AD6CE6 /* Debug */,
				62323B252BD18E1500AD6CE6 /* Release */,
			);
			defaultConfigurationIsVisible = 0;
			defaultConfigurationName = Release;
		};
		62323B262BD18E1500AD6CE6 /* Build configuration list for PBXNativeTarget "Demo-App-Unsplash" */ = {
			isa = XCConfigurationList;
			buildConfigurations = (
				62323B272BD18E1500AD6CE6 /* Debug */,
				62323B282BD18E1500AD6CE6 /* Release */,
			);
			defaultConfigurationIsVisible = 0;
			defaultConfigurationName = Release;
		};
		62323B292BD18E1500AD6CE6 /* Build configuration list for PBXNativeTarget "Demo-App-UnsplashTests" */ = {
			isa = XCConfigurationList;
			buildConfigurations = (
				62323B2A2BD18E1500AD6CE6 /* Debug */,
				62323B2B2BD18E1500AD6CE6 /* Release */,
			);
			defaultConfigurationIsVisible = 0;
			defaultConfigurationName = Release;
		};
		62323B2C2BD18E1500AD6CE6 /* Build configuration list for PBXNativeTarget "Demo-App-UnsplashUITests" */ = {
			isa = XCConfigurationList;
			buildConfigurations = (
				62323B2D2BD18E1500AD6CE6 /* Debug */,
				62323B2E2BD18E1500AD6CE6 /* Release */,
			);
			defaultConfigurationIsVisible = 0;
			defaultConfigurationName = Release;
		};
/* End XCConfigurationList section */
	};
	rootObject = 62323AF42BD18E0C00AD6CE6 /* Project object */;
}
